// !$*UTF8*$!
{
	archiveVersion = 1;
	classes = {
	};
	objectVersion = 50;
	objects = {

/* Begin PBXBuildFile section */
		5993B836C36D3909E9878033 /* Pods_GradientButton.framework in Frameworks */ = {isa = PBXBuildFile; fileRef = 1B7ADFA4B795CAB51F97D3F3 /* Pods_GradientButton.framework */; };
		AA44F122267ADDCC0053C8B1 /* AppDelegate.swift in Sources */ = {isa = PBXBuildFile; fileRef = AA44F121267ADDCC0053C8B1 /* AppDelegate.swift */; };
		AA44F124267ADDCC0053C8B1 /* SceneDelegate.swift in Sources */ = {isa = PBXBuildFile; fileRef = AA44F123267ADDCC0053C8B1 /* SceneDelegate.swift */; };
		AA44F126267ADDCC0053C8B1 /* ViewController.swift in Sources */ = {isa = PBXBuildFile; fileRef = AA44F125267ADDCC0053C8B1 /* ViewController.swift */; };
		AA44F129267ADDCC0053C8B1 /* Main.storyboard in Resources */ = {isa = PBXBuildFile; fileRef = AA44F127267ADDCC0053C8B1 /* Main.storyboard */; };
		AA44F12B267ADDCE0053C8B1 /* Assets.xcassets in Resources */ = {isa = PBXBuildFile; fileRef = AA44F12A267ADDCE0053C8B1 /* Assets.xcassets */; };
		AA44F12E267ADDCE0053C8B1 /* LaunchScreen.storyboard in Resources */ = {isa = PBXBuildFile; fileRef = AA44F12C267ADDCE0053C8B1 /* LaunchScreen.storyboard */; };
/* End PBXBuildFile section */

/* Begin PBXFileReference section */
		0568547975899D3B55794765 /* Pods-GradientButton.release.xcconfig */ = {isa = PBXFileReference; includeInIndex = 1; lastKnownFileType = text.xcconfig; name = "Pods-GradientButton.release.xcconfig"; path = "Target Support Files/Pods-GradientButton/Pods-GradientButton.release.xcconfig"; sourceTree = "<group>"; };
		1B7ADFA4B795CAB51F97D3F3 /* Pods_GradientButton.framework */ = {isa = PBXFileReference; explicitFileType = wrapper.framework; includeInIndex = 0; path = Pods_GradientButton.framework; sourceTree = BUILT_PRODUCTS_DIR; };
		1C732844FEBAAA43F73F9DA3 /* Pods-GradientButton.debug.xcconfig */ = {isa = PBXFileReference; includeInIndex = 1; lastKnownFileType = text.xcconfig; name = "Pods-GradientButton.debug.xcconfig"; path = "Target Support Files/Pods-GradientButton/Pods-GradientButton.debug.xcconfig"; sourceTree = "<group>"; };
		AA44F11E267ADDCC0053C8B1 /* GradientButton.app */ = {isa = PBXFileReference; explicitFileType = wrapper.application; includeInIndex = 0; path = GradientButton.app; sourceTree = BUILT_PRODUCTS_DIR; };
		AA44F121267ADDCC0053C8B1 /* AppDelegate.swift */ = {isa = PBXFileReference; lastKnownFileType = sourcecode.swift; path = AppDelegate.swift; sourceTree = "<group>"; };
		AA44F123267ADDCC0053C8B1 /* SceneDelegate.swift */ = {isa = PBXFileReference; lastKnownFileType = sourcecode.swift; path = SceneDelegate.swift; sourceTree = "<group>"; };
		AA44F125267ADDCC0053C8B1 /* ViewController.swift */ = {isa = PBXFileReference; lastKnownFileType = sourcecode.swift; path = ViewController.swift; sourceTree = "<group>"; };
		AA44F128267ADDCC0053C8B1 /* Base */ = {isa = PBXFileReference; lastKnownFileType = file.storyboard; name = Base; path = Base.lproj/Main.storyboard; sourceTree = "<group>"; };
		AA44F12A267ADDCE0053C8B1 /* Assets.xcassets */ = {isa = PBXFileReference; lastKnownFileType = folder.assetcatalog; path = Assets.xcassets; sourceTree = "<group>"; };
		AA44F12D267ADDCE0053C8B1 /* Base */ = {isa = PBXFileReference; lastKnownFileType = file.storyboard; name = Base; path = Base.lproj/LaunchScreen.storyboard; sourceTree = "<group>"; };
		AA44F12F267ADDCE0053C8B1 /* Info.plist */ = {isa = PBXFileReference; lastKnownFileType = text.plist.xml; path = Info.plist; sourceTree = "<group>"; };
/* End PBXFileReference section */

/* Begin PBXFrameworksBuildPhase section */
		AA44F11B267ADDCC0053C8B1 /* Frameworks */ = {
			isa = PBXFrameworksBuildPhase;
			buildActionMask = 2147483647;
			files = (
				5993B836C36D3909E9878033 /* Pods_GradientButton.framework in Frameworks */,
			);
			runOnlyForDeploymentPostprocessing = 0;
		};
/* End PBXFrameworksBuildPhase section */

/* Begin PBXGroup section */
		27106AAEA4BA7A1899CA93BD /* Pods */ = {
			isa = PBXGroup;
			children = (
				1C732844FEBAAA43F73F9DA3 /* Pods-GradientButton.debug.xcconfig */,
				0568547975899D3B55794765 /* Pods-GradientButton.release.xcconfig */,
			);
			name = Pods;
			path = Pods;
			sourceTree = "<group>";
		};
		39C27917B7ADF8F7B96D7DC8 /* Frameworks */ = {
			isa = PBXGroup;
			children = (
				1B7ADFA4B795CAB51F97D3F3 /* Pods_GradientButton.framework */,
			);
			name = Frameworks;
			sourceTree = "<group>";
		};
		AA44F115267ADDCC0053C8B1 = {
			isa = PBXGroup;
			children = (
				AA44F120267ADDCC0053C8B1 /* GradientButton */,
				AA44F11F267ADDCC0053C8B1 /* Products */,
				27106AAEA4BA7A1899CA93BD /* Pods */,
				39C27917B7ADF8F7B96D7DC8 /* Frameworks */,
			);
			sourceTree = "<group>";
		};
		AA44F11F267ADDCC0053C8B1 /* Products */ = {
			isa = PBXGroup;
			children = (
				AA44F11E267ADDCC0053C8B1 /* GradientButton.app */,
			);
			name = Products;
			sourceTree = "<group>";
		};
		AA44F120267ADDCC0053C8B1 /* GradientButton */ = {
			isa = PBXGroup;
			children = (
				AA44F121267ADDCC0053C8B1 /* AppDelegate.swift */,
				AA44F123267ADDCC0053C8B1 /* SceneDelegate.swift */,
				AA44F125267ADDCC0053C8B1 /* ViewController.swift */,
				AA44F127267ADDCC0053C8B1 /* Main.storyboard */,
				AA44F12A267ADDCE0053C8B1 /* Assets.xcassets */,
				AA44F12C267ADDCE0053C8B1 /* LaunchScreen.storyboard */,
				AA44F12F267ADDCE0053C8B1 /* Info.plist */,
			);
			path = GradientButton;
			sourceTree = "<group>";
		};
/* End PBXGroup section */

/* Begin PBXNativeTarget section */
		AA44F11D267ADDCC0053C8B1 /* GradientButton */ = {
			isa = PBXNativeTarget;
			buildConfigurationList = AA44F132267ADDCE0053C8B1 /* Build configuration list for PBXNativeTarget "GradientButton" */;
			buildPhases = (
				5F1E989332891390346778D6 /* [CP] Check Pods Manifest.lock */,
				AA44F11A267ADDCC0053C8B1 /* Sources */,
				AA44F11B267ADDCC0053C8B1 /* Frameworks */,
				AA44F11C267ADDCC0053C8B1 /* Resources */,
				80F9E5453996DC4B8BBD3861 /* [CP] Embed Pods Frameworks */,
			);
			buildRules = (
			);
			dependencies = (
			);
			name = GradientButton;
			productName = GradientButton;
			productReference = AA44F11E267ADDCC0053C8B1 /* GradientButton.app */;
			productType = "com.apple.product-type.application";
		};
/* End PBXNativeTarget section */

/* Begin PBXProject section */
		AA44F116267ADDCC0053C8B1 /* Project object */ = {
			isa = PBXProject;
			attributes = {
				LastSwiftUpdateCheck = 1250;
				LastUpgradeCheck = 1250;
				TargetAttributes = {
					AA44F11D267ADDCC0053C8B1 = {
						CreatedOnToolsVersion = 12.5;
					};
				};
			};
			buildConfigurationList = AA44F119267ADDCC0053C8B1 /* Build configuration list for PBXProject "GradientButton" */;
			compatibilityVersion = "Xcode 9.3";
			developmentRegion = en;
			hasScannedForEncodings = 0;
			knownRegions = (
				en,
				Base,
			);
			mainGroup = AA44F115267ADDCC0053C8B1;
			productRefGroup = AA44F11F267ADDCC0053C8B1 /* Products */;
			projectDirPath = "";
			projectRoot = "";
			targets = (
				AA44F11D267ADDCC0053C8B1 /* GradientButton */,
			);
		};
/* End PBXProject section */

/* Begin PBXResourcesBuildPhase section */
		AA44F11C267ADDCC0053C8B1 /* Resources */ = {
			isa = PBXResourcesBuildPhase;
			buildActionMask = 2147483647;
			files = (
				AA44F12E267ADDCE0053C8B1 /* LaunchScreen.storyboard in Resources */,
				AA44F12B267ADDCE0053C8B1 /* Assets.xcassets in Resources */,
				AA44F129267ADDCC0053C8B1 /* Main.storyboard in Resources */,
			);
			runOnlyForDeploymentPostprocessing = 0;
		};
/* End PBXResourcesBuildPhase section */

/* Begin PBXShellScriptBuildPhase section */
		5F1E989332891390346778D6 /* [CP] Check Pods Manifest.lock */ = {
			isa = PBXShellScriptBuildPhase;
			buildActionMask = 2147483647;
			files = (
			);
			inputFileListPaths = (
			);
			inputPaths = (
				"${PODS_PODFILE_DIR_PATH}/Podfile.lock",
				"${PODS_ROOT}/Manifest.lock",
			);
			name = "[CP] Check Pods Manifest.lock";
			outputFileListPaths = (
			);
			outputPaths = (
				"$(DERIVED_FILE_DIR)/Pods-GradientButton-checkManifestLockResult.txt",
			);
			runOnlyForDeploymentPostprocessing = 0;
			shellPath = /bin/sh;
			shellScript = "diff \"${PODS_PODFILE_DIR_PATH}/Podfile.lock\" \"${PODS_ROOT}/Manifest.lock\" > /dev/null\nif [ $? != 0 ] ; then\n    # print error to STDERR\n    echo \"error: The sandbox is not in sync with the Podfile.lock. Run 'pod install' or update your CocoaPods installation.\" >&2\n    exit 1\nfi\n# This output is used by Xcode 'outputs' to avoid re-running this script phase.\necho \"SUCCESS\" > \"${SCRIPT_OUTPUT_FILE_0}\"\n";
			showEnvVarsInLog = 0;
		};
		80F9E5453996DC4B8BBD3861 /* [CP] Embed Pods Frameworks */ = {
			isa = PBXShellScriptBuildPhase;
			buildActionMask = 2147483647;
			files = (
			);
			inputFileListPaths = (
				"${PODS_ROOT}/Target Support Files/Pods-GradientButton/Pods-GradientButton-frameworks-${CONFIGURATION}-input-files.xcfilelist",
			);
			name = "[CP] Embed Pods Frameworks";
			outputFileListPaths = (
				"${PODS_ROOT}/Target Support Files/Pods-GradientButton/Pods-GradientButton-frameworks-${CONFIGURATION}-output-files.xcfilelist",
			);
			runOnlyForDeploymentPostprocessing = 0;
			shellPath = /bin/sh;
			shellScript = "\"${PODS_ROOT}/Target Support Files/Pods-GradientButton/Pods-GradientButton-frameworks.sh\"\n";
			showEnvVarsInLog = 0;
		};
/* End PBXShellScriptBuildPhase section */

/* Begin PBXSourcesBuildPhase section */
		AA44F11A267ADDCC0053C8B1 /* Sources */ = {
			isa = PBXSourcesBuildPhase;
			buildActionMask = 2147483647;
			files = (
				AA44F126267ADDCC0053C8B1 /* ViewController.swift in Sources */,
				AA44F122267ADDCC0053C8B1 /* AppDelegate.swift in Sources */,
				AA44F124267ADDCC0053C8B1 /* SceneDelegate.swift in Sources */,
			);
			runOnlyForDeploymentPostprocessing = 0;
		};
/* End PBXSourcesBuildPhase section */

/* Begin PBXVariantGroup section */
		AA44F127267ADDCC0053C8B1 /* Main.storyboard */ = {
			isa = PBXVariantGroup;
			children = (
				AA44F128267ADDCC0053C8B1 /* Base */,
			);
			name = Main.storyboard;
			sourceTree = "<group>";
		};
		AA44F12C267ADDCE0053C8B1 /* LaunchScreen.storyboard */ = {
			isa = PBXVariantGroup;
			children = (
				AA44F12D267ADDCE0053C8B1 /* Base */,
			);
			name = LaunchScreen.storyboard;
			sourceTree = "<group>";
		};
/* End PBXVariantGroup section */

/* Begin XCBuildConfiguration section */
		AA44F130267ADDCE0053C8B1 /* Debug */ = {
			isa = XCBuildConfiguration;
			buildSettings = {
				ALWAYS_SEARCH_USER_PATHS = NO;
				CLANG_ANALYZER_NONNULL = YES;
				CLANG_ANALYZER_NUMBER_OBJECT_CONVERSION = YES_AGGRESSIVE;
				CLANG_CXX_LANGUAGE_STANDARD = "gnu++14";
				CLANG_CXX_LIBRARY = "libc++";
				CLANG_ENABLE_MODULES = YES;
				CLANG_ENABLE_OBJC_ARC = YES;
				CLANG_ENABLE_OBJC_WEAK = YES;
				CLANG_WARN_BLOCK_CAPTURE_AUTORELEASING = YES;
				CLANG_WARN_BOOL_CONVERSION = YES;
				CLANG_WARN_COMMA = YES;
				CLANG_WARN_CONSTANT_CONVERSION = YES;
				CLANG_WARN_DEPRECATED_OBJC_IMPLEMENTATIONS = YES;
				CLANG_WARN_DIRECT_OBJC_ISA_USAGE = YES_ERROR;
				CLANG_WARN_DOCUMENTATION_COMMENTS = YES;
				CLANG_WARN_EMPTY_BODY = YES;
				CLANG_WARN_ENUM_CONVERSION = YES;
				CLANG_WARN_INFINITE_RECURSION = YES;
				CLANG_WARN_INT_CONVERSION = YES;
				CLANG_WARN_NON_LITERAL_NULL_CONVERSION = YES;
				CLANG_WARN_OBJC_IMPLICIT_RETAIN_SELF = YES;
				CLANG_WARN_OBJC_LITERAL_CONVERSION = YES;
				CLANG_WARN_OBJC_ROOT_CLASS = YES_ERROR;
				CLANG_WARN_QUOTED_INCLUDE_IN_FRAMEWORK_HEADER = YES;
				CLANG_WARN_RANGE_LOOP_ANALYSIS = YES;
				CLANG_WARN_STRICT_PROTOTYPES = YES;
				CLANG_WARN_SUSPICIOUS_MOVE = YES;
				CLANG_WARN_UNGUARDED_AVAILABILITY = YES_AGGRESSIVE;
				CLANG_WARN_UNREACHABLE_CODE = YES;
				CLANG_WARN__DUPLICATE_METHOD_MATCH = YES;
				COPY_PHASE_STRIP = NO;
				DEBUG_INFORMATION_FORMAT = dwarf;
				ENABLE_STRICT_OBJC_MSGSEND = YES;
				ENABLE_TESTABILITY = YES;
				GCC_C_LANGUAGE_STANDARD = gnu11;
				GCC_DYNAMIC_NO_PIC = NO;
				GCC_NO_COMMON_BLOCKS = YES;
				GCC_OPTIMIZATION_LEVEL = 0;
				GCC_PREPROCESSOR_DEFINITIONS = (
					"DEBUG=1",
					"$(inherited)",
				);
				GCC_WARN_64_TO_32_BIT_CONVERSION = YES;
				GCC_WARN_ABOUT_RETURN_TYPE = YES_ERROR;
				GCC_WARN_UNDECLARED_SELECTOR = YES;
				GCC_WARN_UNINITIALIZED_AUTOS = YES_AGGRESSIVE;
				GCC_WARN_UNUSED_FUNCTION = YES;
				GCC_WARN_UNUSED_VARIABLE = YES;
				IPHONEOS_DEPLOYMENT_TARGET = 14.5;
				MTL_ENABLE_DEBUG_INFO = INCLUDE_SOURCE;
				MTL_FAST_MATH = YES;
				ONLY_ACTIVE_ARCH = YES;
				SDKROOT = iphoneos;
				SWIFT_ACTIVE_COMPILATION_CONDITIONS = DEBUG;
				SWIFT_OPTIMIZATION_LEVEL = "-Onone";
			};
			name = Debug;
		};
		AA44F131267ADDCE0053C8B1 /* Release */ = {
			isa = XCBuildConfiguration;
			buildSettings = {
				ALWAYS_SEARCH_USER_PATHS = NO;
				CLANG_ANALYZER_NONNULL = YES;
				CLANG_ANALYZER_NUMBER_OBJECT_CONVERSION = YES_AGGRESSIVE;
				CLANG_CXX_LANGUAGE_STANDARD = "gnu++14";
				CLANG_CXX_LIBRARY = "libc++";
				CLANG_ENABLE_MODULES = YES;
				CLANG_ENABLE_OBJC_ARC = YES;
				CLANG_ENABLE_OBJC_WEAK = YES;
				CLANG_WARN_BLOCK_CAPTURE_AUTORELEASING = YES;
				CLANG_WARN_BOOL_CONVERSION = YES;
				CLANG_WARN_COMMA = YES;
				CLANG_WARN_CONSTANT_CONVERSION = YES;
				CLANG_WARN_DEPRECATED_OBJC_IMPLEMENTATIONS = YES;
				CLANG_WARN_DIRECT_OBJC_ISA_USAGE = YES_ERROR;
				CLANG_WARN_DOCUMENTATION_COMMENTS = YES;
				CLANG_WARN_EMPTY_BODY = YES;
				CLANG_WARN_ENUM_CONVERSION = YES;
				CLANG_WARN_INFINITE_RECURSION = YES;
				CLANG_WARN_INT_CONVERSION = YES;
				CLANG_WARN_NON_LITERAL_NULL_CONVERSION = YES;
				CLANG_WARN_OBJC_IMPLICIT_RETAIN_SELF = YES;
				CLANG_WARN_OBJC_LITERAL_CONVERSION = YES;
				CLANG_WARN_OBJC_ROOT_CLASS = YES_ERROR;
				CLANG_WARN_QUOTED_INCLUDE_IN_FRAMEWORK_HEADER = YES;
				CLANG_WARN_RANGE_LOOP_ANALYSIS = YES;
				CLANG_WARN_STRICT_PROTOTYPES = YES;
				CLANG_WARN_SUSPICIOUS_MOVE = YES;
				CLANG_WARN_UNGUARDED_AVAILABILITY = YES_AGGRESSIVE;
				CLANG_WARN_UNREACHABLE_CODE = YES;
				CLANG_WARN__DUPLICATE_METHOD_MATCH = YES;
				COPY_PHASE_STRIP = NO;
				DEBUG_INFORMATION_FORMAT = "dwarf-with-dsym";
				ENABLE_NS_ASSERTIONS = NO;
				ENABLE_STRICT_OBJC_MSGSEND = YES;
				GCC_C_LANGUAGE_STANDARD = gnu11;
				GCC_NO_COMMON_BLOCKS = YES;
				GCC_WARN_64_TO_32_BIT_CONVERSION = YES;
				GCC_WARN_ABOUT_RETURN_TYPE = YES_ERROR;
				GCC_WARN_UNDECLARED_SELECTOR = YES;
				GCC_WARN_UNINITIALIZED_AUTOS = YES_AGGRESSIVE;
				GCC_WARN_UNUSED_FUNCTION = YES;
				GCC_WARN_UNUSED_VARIABLE = YES;
				IPHONEOS_DEPLOYMENT_TARGET = 14.5;
				MTL_ENABLE_DEBUG_INFO = NO;
				MTL_FAST_MATH = YES;
				SDKROOT = iphoneos;
				SWIFT_COMPILATION_MODE = wholemodule;
				SWIFT_OPTIMIZATION_LEVEL = "-O";
				VALIDATE_PRODUCT = YES;
			};
			name = Release;
		};
		AA44F133267ADDCE0053C8B1 /* Debug */ = {
			isa = XCBuildConfiguration;
			baseConfigurationReference = 1C732844FEBAAA43F73F9DA3 /* Pods-GradientButton.debug.xcconfig */;
			buildSettings = {
				ASSETCATALOG_COMPILER_APPICON_NAME = AppIcon;
				ASSETCATALOG_COMPILER_GLOBAL_ACCENT_COLOR_NAME = AccentColor;
				CODE_SIGN_STYLE = Automatic;
				DEVELOPMENT_TEAM = P275SPG67W;
				INFOPLIST_FILE = GradientButton/Info.plist;
				LD_RUNPATH_SEARCH_PATHS = (
					"$(inherited)",
					"@executable_path/Frameworks",
				);
				PRODUCT_BUNDLE_IDENTIFIER = com.yeonju.GradientButton;
				PRODUCT_NAME = "$(TARGET_NAME)";
				SWIFT_VERSION = 5.0;
				TARGETED_DEVICE_FAMILY = "1,2";
			};
			name = Debug;
		};
		AA44F134267ADDCE0053C8B1 /* Release */ = {
			isa = XCBuildConfiguration;
			baseConfigurationReference = 0568547975899D3B55794765 /* Pods-GradientButton.release.xcconfig */;
			buildSettings = {
				ASSETCATALOG_COMPILER_APPICON_NAME = AppIcon;
				ASSETCATALOG_COMPILER_GLOBAL_ACCENT_COLOR_NAME = AccentColor;
				CODE_SIGN_STYLE = Automatic;
				DEVELOPMENT_TEAM = P275SPG67W;
				INFOPLIST_FILE = GradientButton/Info.plist;
				LD_RUNPATH_SEARCH_PATHS = (
					"$(inherited)",
					"@executable_path/Frameworks",
				);
				PRODUCT_BUNDLE_IDENTIFIER = com.yeonju.GradientButton;
				PRODUCT_NAME = "$(TARGET_NAME)";
				SWIFT_VERSION = 5.0;
				TARGETED_DEVICE_FAMILY = "1,2";
			};
			name = Release;
		};
/* End XCBuildConfiguration section */

/* Begin XCConfigurationList section */
		AA44F119267ADDCC0053C8B1 /* Build configuration list for PBXProject "GradientButton" */ = {
			isa = XCConfigurationList;
			buildConfigurations = (
				AA44F130267ADDCE0053C8B1 /* Debug */,
				AA44F131267ADDCE0053C8B1 /* Release */,
			);
			defaultConfigurationIsVisible = 0;
			defaultConfigurationName = Release;
		};
		AA44F132267ADDCE0053C8B1 /* Build configuration list for PBXNativeTarget "GradientButton" */ = {
			isa = XCConfigurationList;
			buildConfigurations = (
				AA44F133267ADDCE0053C8B1 /* Debug */,
				AA44F134267ADDCE0053C8B1 /* Release */,
			);
			defaultConfigurationIsVisible = 0;
			defaultConfigurationName = Release;
		};
/* End XCConfigurationList section */
	};
	rootObject = AA44F116267ADDCC0053C8B1 /* Project object */;
}
