// !$*UTF8*$!
{
	archiveVersion = 1;
	classes = {
	};
	objectVersion = 50;
	objects = {

/* Begin PBXBuildFile section */
		AAADFD3A26AAF6F6000FBCCA /* AppDelegate.swift in Sources */ = {isa = PBXBuildFile; fileRef = AAADFD3926AAF6F6000FBCCA /* AppDelegate.swift */; };
		AAADFD3C26AAF6F6000FBCCA /* SceneDelegate.swift in Sources */ = {isa = PBXBuildFile; fileRef = AAADFD3B26AAF6F6000FBCCA /* SceneDelegate.swift */; };
		AAADFD3E26AAF6F6000FBCCA /* ViewController.swift in Sources */ = {isa = PBXBuildFile; fileRef = AAADFD3D26AAF6F6000FBCCA /* ViewController.swift */; };
		AAADFD4126AAF6F6000FBCCA /* Main.storyboard in Resources */ = {isa = PBXBuildFile; fileRef = AAADFD3F26AAF6F6000FBCCA /* Main.storyboard */; };
		AAADFD4326AAF6F9000FBCCA /* Assets.xcassets in Resources */ = {isa = PBXBuildFile; fileRef = AAADFD4226AAF6F9000FBCCA /* Assets.xcassets */; };
		AAADFD4626AAF6F9000FBCCA /* LaunchScreen.storyboard in Resources */ = {isa = PBXBuildFile; fileRef = AAADFD4426AAF6F9000FBCCA /* LaunchScreen.storyboard */; };
/* End PBXBuildFile section */

/* Begin PBXFileReference section */
		AAADFD3626AAF6F6000FBCCA /* Timer.app */ = {isa = PBXFileReference; explicitFileType = wrapper.application; includeInIndex = 0; path = Timer.app; sourceTree = BUILT_PRODUCTS_DIR; };
		AAADFD3926AAF6F6000FBCCA /* AppDelegate.swift */ = {isa = PBXFileReference; lastKnownFileType = sourcecode.swift; path = AppDelegate.swift; sourceTree = "<group>"; };
		AAADFD3B26AAF6F6000FBCCA /* SceneDelegate.swift */ = {isa = PBXFileReference; lastKnownFileType = sourcecode.swift; path = SceneDelegate.swift; sourceTree = "<group>"; };
		AAADFD3D26AAF6F6000FBCCA /* ViewController.swift */ = {isa = PBXFileReference; lastKnownFileType = sourcecode.swift; path = ViewController.swift; sourceTree = "<group>"; };
		AAADFD4026AAF6F6000FBCCA /* Base */ = {isa = PBXFileReference; lastKnownFileType = file.storyboard; name = Base; path = Base.lproj/Main.storyboard; sourceTree = "<group>"; };
		AAADFD4226AAF6F9000FBCCA /* Assets.xcassets */ = {isa = PBXFileReference; lastKnownFileType = folder.assetcatalog; path = Assets.xcassets; sourceTree = "<group>"; };
		AAADFD4526AAF6F9000FBCCA /* Base */ = {isa = PBXFileReference; lastKnownFileType = file.storyboard; name = Base; path = Base.lproj/LaunchScreen.storyboard; sourceTree = "<group>"; };
		AAADFD4726AAF6F9000FBCCA /* Info.plist */ = {isa = PBXFileReference; lastKnownFileType = text.plist.xml; path = Info.plist; sourceTree = "<group>"; };
/* End PBXFileReference section */

/* Begin PBXFrameworksBuildPhase section */
		AAADFD3326AAF6F6000FBCCA /* Frameworks */ = {
			isa = PBXFrameworksBuildPhase;
			buildActionMask = 2147483647;
			files = (
			);
			runOnlyForDeploymentPostprocessing = 0;
		};
/* End PBXFrameworksBuildPhase section */

/* Begin PBXGroup section */
		AAADFD2D26AAF6F6000FBCCA = {
			isa = PBXGroup;
			children = (
				AAADFD3826AAF6F6000FBCCA /* Timer */,
				AAADFD3726AAF6F6000FBCCA /* Products */,
			);
			sourceTree = "<group>";
		};
		AAADFD3726AAF6F6000FBCCA /* Products */ = {
			isa = PBXGroup;
			children = (
				AAADFD3626AAF6F6000FBCCA /* Timer.app */,
			);
			name = Products;
			sourceTree = "<group>";
		};
		AAADFD3826AAF6F6000FBCCA /* Timer */ = {
			isa = PBXGroup;
			children = (
				AAADFD3926AAF6F6000FBCCA /* AppDelegate.swift */,
				AAADFD3B26AAF6F6000FBCCA /* SceneDelegate.swift */,
				AAADFD3D26AAF6F6000FBCCA /* ViewController.swift */,
				AAADFD3F26AAF6F6000FBCCA /* Main.storyboard */,
				AAADFD4226AAF6F9000FBCCA /* Assets.xcassets */,
				AAADFD4426AAF6F9000FBCCA /* LaunchScreen.storyboard */,
				AAADFD4726AAF6F9000FBCCA /* Info.plist */,
			);
			path = Timer;
			sourceTree = "<group>";
		};
/* End PBXGroup section */

/* Begin PBXNativeTarget section */
		AAADFD3526AAF6F6000FBCCA /* Timer */ = {
			isa = PBXNativeTarget;
			buildConfigurationList = AAADFD4A26AAF6F9000FBCCA /* Build configuration list for PBXNativeTarget "Timer" */;
			buildPhases = (
				AAADFD3226AAF6F6000FBCCA /* Sources */,
				AAADFD3326AAF6F6000FBCCA /* Frameworks */,
				AAADFD3426AAF6F6000FBCCA /* Resources */,
			);
			buildRules = (
			);
			dependencies = (
			);
			name = Timer;
			productName = Timer;
			productReference = AAADFD3626AAF6F6000FBCCA /* Timer.app */;
			productType = "com.apple.product-type.application";
		};
/* End PBXNativeTarget section */

/* Begin PBXProject section */
		AAADFD2E26AAF6F6000FBCCA /* Project object */ = {
			isa = PBXProject;
			attributes = {
				LastSwiftUpdateCheck = 1250;
				LastUpgradeCheck = 1250;
				TargetAttributes = {
					AAADFD3526AAF6F6000FBCCA = {
						CreatedOnToolsVersion = 12.5.1;
					};
				};
			};
			buildConfigurationList = AAADFD3126AAF6F6000FBCCA /* Build configuration list for PBXProject "Timer" */;
			compatibilityVersion = "Xcode 9.3";
			developmentRegion = en;
			hasScannedForEncodings = 0;
			knownRegions = (
				en,
				Base,
			);
			mainGroup = AAADFD2D26AAF6F6000FBCCA;
			productRefGroup = AAADFD3726AAF6F6000FBCCA /* Products */;
			projectDirPath = "";
			projectRoot = "";
			targets = (
				AAADFD3526AAF6F6000FBCCA /* Timer */,
			);
		};
/* End PBXProject section */

/* Begin PBXResourcesBuildPhase section */
		AAADFD3426AAF6F6000FBCCA /* Resources */ = {
			isa = PBXResourcesBuildPhase;
			buildActionMask = 2147483647;
			files = (
				AAADFD4626AAF6F9000FBCCA /* LaunchScreen.storyboard in Resources */,
				AAADFD4326AAF6F9000FBCCA /* Assets.xcassets in Resources */,
				AAADFD4126AAF6F6000FBCCA /* Main.storyboard in Resources */,
			);
			runOnlyForDeploymentPostprocessing = 0;
		};
/* End PBXResourcesBuildPhase section */

/* Begin PBXSourcesBuildPhase section */
		AAADFD3226AAF6F6000FBCCA /* Sources */ = {
			isa = PBXSourcesBuildPhase;
			buildActionMask = 2147483647;
			files = (
				AAADFD3E26AAF6F6000FBCCA /* ViewController.swift in Sources */,
				AAADFD3A26AAF6F6000FBCCA /* AppDelegate.swift in Sources */,
				AAADFD3C26AAF6F6000FBCCA /* SceneDelegate.swift in Sources */,
			);
			runOnlyForDeploymentPostprocessing = 0;
		};
/* End PBXSourcesBuildPhase section */

/* Begin PBXVariantGroup section */
		AAADFD3F26AAF6F6000FBCCA /* Main.storyboard */ = {
			isa = PBXVariantGroup;
			children = (
				AAADFD4026AAF6F6000FBCCA /* Base */,
			);
			name = Main.storyboard;
			sourceTree = "<group>";
		};
		AAADFD4426AAF6F9000FBCCA /* LaunchScreen.storyboard */ = {
			isa = PBXVariantGroup;
			children = (
				AAADFD4526AAF6F9000FBCCA /* Base */,
			);
			name = LaunchScreen.storyboard;
			sourceTree = "<group>";
		};
/* End PBXVariantGroup section */

/* Begin XCBuildConfiguration section */
		AAADFD4826AAF6F9000FBCCA /* Debug */ = {
			isa = XCBuildConfiguration;
			buildSettings = {
				ALWAYS_SEARCH_USER_PATHS = NO;
				CLANG_ANALYZER_NONNULL = YES;
				CLANG_ANALYZER_NUMBER_OBJECT_CONVERSION = YES_AGGRESSIVE;
				CLANG_CXX_LANGUAGE_STANDARD = "gnu++14";
				CLANG_CXX_LIBRARY = "libc++";
				CLANG_ENABLE_MODULES = YES;
				CLANG_ENABLE_OBJC_ARC = YES;
				CLANG_ENABLE_OBJC_WEAK = YES;
				CLANG_WARN_BLOCK_CAPTURE_AUTORELEASING = YES;
				CLANG_WARN_BOOL_CONVERSION = YES;
				CLANG_WARN_COMMA = YES;
				CLANG_WARN_CONSTANT_CONVERSION = YES;
				CLANG_WARN_DEPRECATED_OBJC_IMPLEMENTATIONS = YES;
				CLANG_WARN_DIRECT_OBJC_ISA_USAGE = YES_ERROR;
				CLANG_WARN_DOCUMENTATION_COMMENTS = YES;
				CLANG_WARN_EMPTY_BODY = YES;
				CLANG_WARN_ENUM_CONVERSION = YES;
				CLANG_WARN_INFINITE_RECURSION = YES;
				CLANG_WARN_INT_CONVERSION = YES;
				CLANG_WARN_NON_LITERAL_NULL_CONVERSION = YES;
				CLANG_WARN_OBJC_IMPLICIT_RETAIN_SELF = YES;
				CLANG_WARN_OBJC_LITERAL_CONVERSION = YES;
				CLANG_WARN_OBJC_ROOT_CLASS = YES_ERROR;
				CLANG_WARN_QUOTED_INCLUDE_IN_FRAMEWORK_HEADER = YES;
				CLANG_WARN_RANGE_LOOP_ANALYSIS = YES;
				CLANG_WARN_STRICT_PROTOTYPES = YES;
				CLANG_WARN_SUSPICIOUS_MOVE = YES;
				CLANG_WARN_UNGUARDED_AVAILABILITY = YES_AGGRESSIVE;
				CLANG_WARN_UNREACHABLE_CODE = YES;
				CLANG_WARN__DUPLICATE_METHOD_MATCH = YES;
				COPY_PHASE_STRIP = NO;
				DEBUG_INFORMATION_FORMAT = dwarf;
				ENABLE_STRICT_OBJC_MSGSEND = YES;
				ENABLE_TESTABILITY = YES;
				GCC_C_LANGUAGE_STANDARD = gnu11;
				GCC_DYNAMIC_NO_PIC = NO;
				GCC_NO_COMMON_BLOCKS = YES;
				GCC_OPTIMIZATION_LEVEL = 0;
				GCC_PREPROCESSOR_DEFINITIONS = (
					"DEBUG=1",
					"$(inherited)",
				);
				GCC_WARN_64_TO_32_BIT_CONVERSION = YES;
				GCC_WARN_ABOUT_RETURN_TYPE = YES_ERROR;
				GCC_WARN_UNDECLARED_SELECTOR = YES;
				GCC_WARN_UNINITIALIZED_AUTOS = YES_AGGRESSIVE;
				GCC_WARN_UNUSED_FUNCTION = YES;
				GCC_WARN_UNUSED_VARIABLE = YES;
				IPHONEOS_DEPLOYMENT_TARGET = 14.5;
				MTL_ENABLE_DEBUG_INFO = INCLUDE_SOURCE;
				MTL_FAST_MATH = YES;
				ONLY_ACTIVE_ARCH = YES;
				SDKROOT = iphoneos;
				SWIFT_ACTIVE_COMPILATION_CONDITIONS = DEBUG;
				SWIFT_OPTIMIZATION_LEVEL = "-Onone";
			};
			name = Debug;
		};
		AAADFD4926AAF6F9000FBCCA /* Release */ = {
			isa = XCBuildConfiguration;
			buildSettings = {
				ALWAYS_SEARCH_USER_PATHS = NO;
				CLANG_ANALYZER_NONNULL = YES;
				CLANG_ANALYZER_NUMBER_OBJECT_CONVERSION = YES_AGGRESSIVE;
				CLANG_CXX_LANGUAGE_STANDARD = "gnu++14";
				CLANG_CXX_LIBRARY = "libc++";
				CLANG_ENABLE_MODULES = YES;
				CLANG_ENABLE_OBJC_ARC = YES;
				CLANG_ENABLE_OBJC_WEAK = YES;
				CLANG_WARN_BLOCK_CAPTURE_AUTORELEASING = YES;
				CLANG_WARN_BOOL_CONVERSION = YES;
				CLANG_WARN_COMMA = YES;
				CLANG_WARN_CONSTANT_CONVERSION = YES;
				CLANG_WARN_DEPRECATED_OBJC_IMPLEMENTATIONS = YES;
				CLANG_WARN_DIRECT_OBJC_ISA_USAGE = YES_ERROR;
				CLANG_WARN_DOCUMENTATION_COMMENTS = YES;
				CLANG_WARN_EMPTY_BODY = YES;
				CLANG_WARN_ENUM_CONVERSION = YES;
				CLANG_WARN_INFINITE_RECURSION = YES;
				CLANG_WARN_INT_CONVERSION = YES;
				CLANG_WARN_NON_LITERAL_NULL_CONVERSION = YES;
				CLANG_WARN_OBJC_IMPLICIT_RETAIN_SELF = YES;
				CLANG_WARN_OBJC_LITERAL_CONVERSION = YES;
				CLANG_WARN_OBJC_ROOT_CLASS = YES_ERROR;
				CLANG_WARN_QUOTED_INCLUDE_IN_FRAMEWORK_HEADER = YES;
				CLANG_WARN_RANGE_LOOP_ANALYSIS = YES;
				CLANG_WARN_STRICT_PROTOTYPES = YES;
				CLANG_WARN_SUSPICIOUS_MOVE = YES;
				CLANG_WARN_UNGUARDED_AVAILABILITY = YES_AGGRESSIVE;
				CLANG_WARN_UNREACHABLE_CODE = YES;
				CLANG_WARN__DUPLICATE_METHOD_MATCH = YES;
				COPY_PHASE_STRIP = NO;
				DEBUG_INFORMATION_FORMAT = "dwarf-with-dsym";
				ENABLE_NS_ASSERTIONS = NO;
				ENABLE_STRICT_OBJC_MSGSEND = YES;
				GCC_C_LANGUAGE_STANDARD = gnu11;
				GCC_NO_COMMON_BLOCKS = YES;
				GCC_WARN_64_TO_32_BIT_CONVERSION = YES;
				GCC_WARN_ABOUT_RETURN_TYPE = YES_ERROR;
				GCC_WARN_UNDECLARED_SELECTOR = YES;
				GCC_WARN_UNINITIALIZED_AUTOS = YES_AGGRESSIVE;
				GCC_WARN_UNUSED_FUNCTION = YES;
				GCC_WARN_UNUSED_VARIABLE = YES;
				IPHONEOS_DEPLOYMENT_TARGET = 14.5;
				MTL_ENABLE_DEBUG_INFO = NO;
				MTL_FAST_MATH = YES;
				SDKROOT = iphoneos;
				SWIFT_COMPILATION_MODE = wholemodule;
				SWIFT_OPTIMIZATION_LEVEL = "-O";
				VALIDATE_PRODUCT = YES;
			};
			name = Release;
		};
		AAADFD4B26AAF6F9000FBCCA /* Debug */ = {
			isa = XCBuildConfiguration;
			buildSettings = {
				ASSETCATALOG_COMPILER_APPICON_NAME = AppIcon;
				ASSETCATALOG_COMPILER_GLOBAL_ACCENT_COLOR_NAME = AccentColor;
				CODE_SIGN_STYLE = Automatic;
				DEVELOPMENT_TEAM = P275SPG67W;
				INFOPLIST_FILE = Timer/Info.plist;
				LD_RUNPATH_SEARCH_PATHS = (
					"$(inherited)",
					"@executable_path/Frameworks",
				);
				PRODUCT_BUNDLE_IDENTIFIER = com.yeonju.Timer;
				PRODUCT_NAME = "$(TARGET_NAME)";
				SWIFT_VERSION = 5.0;
				TARGETED_DEVICE_FAMILY = "1,2";
			};
			name = Debug;
		};
		AAADFD4C26AAF6F9000FBCCA /* Release */ = {
			isa = XCBuildConfiguration;
			buildSettings = {
				ASSETCATALOG_COMPILER_APPICON_NAME = AppIcon;
				ASSETCATALOG_COMPILER_GLOBAL_ACCENT_COLOR_NAME = AccentColor;
				CODE_SIGN_STYLE = Automatic;
				DEVELOPMENT_TEAM = P275SPG67W;
				INFOPLIST_FILE = Timer/Info.plist;
				LD_RUNPATH_SEARCH_PATHS = (
					"$(inherited)",
					"@executable_path/Frameworks",
				);
				PRODUCT_BUNDLE_IDENTIFIER = com.yeonju.Timer;
				PRODUCT_NAME = "$(TARGET_NAME)";
				SWIFT_VERSION = 5.0;
				TARGETED_DEVICE_FAMILY = "1,2";
			};
			name = Release;
		};
/* End XCBuildConfiguration section */

/* Begin XCConfigurationList section */
		AAADFD3126AAF6F6000FBCCA /* Build configuration list for PBXProject "Timer" */ = {
			isa = XCConfigurationList;
			buildConfigurations = (
				AAADFD4826AAF6F9000FBCCA /* Debug */,
				AAADFD4926AAF6F9000FBCCA /* Release */,
			);
			defaultConfigurationIsVisible = 0;
			defaultConfigurationName = Release;
		};
		AAADFD4A26AAF6F9000FBCCA /* Build configuration list for PBXNativeTarget "Timer" */ = {
			isa = XCConfigurationList;
			buildConfigurations = (
				AAADFD4B26AAF6F9000FBCCA /* Debug */,
				AAADFD4C26AAF6F9000FBCCA /* Release */,
			);
			defaultConfigurationIsVisible = 0;
			defaultConfigurationName = Release;
		};
/* End XCConfigurationList section */
	};
	rootObject = AAADFD2E26AAF6F6000FBCCA /* Project object */;
}
