// !$*UTF8*$!
{
	archiveVersion = 1;
	classes = {
	};
	objectVersion = 50;
	objects = {

/* Begin PBXBuildFile section */
		AA58559A26989F4A000C4185 /* AppDelegate.swift in Sources */ = {isa = PBXBuildFile; fileRef = AA58559926989F4A000C4185 /* AppDelegate.swift */; };
		AA58559C26989F4A000C4185 /* SceneDelegate.swift in Sources */ = {isa = PBXBuildFile; fileRef = AA58559B26989F4A000C4185 /* SceneDelegate.swift */; };
		AA58559E26989F4A000C4185 /* ViewController.swift in Sources */ = {isa = PBXBuildFile; fileRef = AA58559D26989F4A000C4185 /* ViewController.swift */; };
		AA5855A126989F4A000C4185 /* Main.storyboard in Resources */ = {isa = PBXBuildFile; fileRef = AA58559F26989F4A000C4185 /* Main.storyboard */; };
		AA5855A326989F4E000C4185 /* Assets.xcassets in Resources */ = {isa = PBXBuildFile; fileRef = AA5855A226989F4E000C4185 /* Assets.xcassets */; };
		AA5855A626989F4E000C4185 /* LaunchScreen.storyboard in Resources */ = {isa = PBXBuildFile; fileRef = AA5855A426989F4E000C4185 /* LaunchScreen.storyboard */; };
		AA5855B126989F4E000C4185 /* WebViewTests.swift in Sources */ = {isa = PBXBuildFile; fileRef = AA5855B026989F4E000C4185 /* WebViewTests.swift */; };
		AA5855BC26989F4E000C4185 /* WebViewUITests.swift in Sources */ = {isa = PBXBuildFile; fileRef = AA5855BB26989F4E000C4185 /* WebViewUITests.swift */; };
/* End PBXBuildFile section */

/* Begin PBXContainerItemProxy section */
		AA5855AD26989F4E000C4185 /* PBXContainerItemProxy */ = {
			isa = PBXContainerItemProxy;
			containerPortal = AA58558E26989F4A000C4185 /* Project object */;
			proxyType = 1;
			remoteGlobalIDString = AA58559526989F4A000C4185;
			remoteInfo = WebView;
		};
		AA5855B826989F4E000C4185 /* PBXContainerItemProxy */ = {
			isa = PBXContainerItemProxy;
			containerPortal = AA58558E26989F4A000C4185 /* Project object */;
			proxyType = 1;
			remoteGlobalIDString = AA58559526989F4A000C4185;
			remoteInfo = WebView;
		};
/* End PBXContainerItemProxy section */

/* Begin PBXFileReference section */
		AA58559626989F4A000C4185 /* WebView.app */ = {isa = PBXFileReference; explicitFileType = wrapper.application; includeInIndex = 0; path = WebView.app; sourceTree = BUILT_PRODUCTS_DIR; };
		AA58559926989F4A000C4185 /* AppDelegate.swift */ = {isa = PBXFileReference; lastKnownFileType = sourcecode.swift; path = AppDelegate.swift; sourceTree = "<group>"; };
		AA58559B26989F4A000C4185 /* SceneDelegate.swift */ = {isa = PBXFileReference; lastKnownFileType = sourcecode.swift; path = SceneDelegate.swift; sourceTree = "<group>"; };
		AA58559D26989F4A000C4185 /* ViewController.swift */ = {isa = PBXFileReference; lastKnownFileType = sourcecode.swift; path = ViewController.swift; sourceTree = "<group>"; };
		AA5855A026989F4A000C4185 /* Base */ = {isa = PBXFileReference; lastKnownFileType = file.storyboard; name = Base; path = Base.lproj/Main.storyboard; sourceTree = "<group>"; };
		AA5855A226989F4E000C4185 /* Assets.xcassets */ = {isa = PBXFileReference; lastKnownFileType = folder.assetcatalog; path = Assets.xcassets; sourceTree = "<group>"; };
		AA5855A526989F4E000C4185 /* Base */ = {isa = PBXFileReference; lastKnownFileType = file.storyboard; name = Base; path = Base.lproj/LaunchScreen.storyboard; sourceTree = "<group>"; };
		AA5855A726989F4E000C4185 /* Info.plist */ = {isa = PBXFileReference; lastKnownFileType = text.plist.xml; path = Info.plist; sourceTree = "<group>"; };
		AA5855AC26989F4E000C4185 /* WebViewTests.xctest */ = {isa = PBXFileReference; explicitFileType = wrapper.cfbundle; includeInIndex = 0; path = WebViewTests.xctest; sourceTree = BUILT_PRODUCTS_DIR; };
		AA5855B026989F4E000C4185 /* WebViewTests.swift */ = {isa = PBXFileReference; lastKnownFileType = sourcecode.swift; path = WebViewTests.swift; sourceTree = "<group>"; };
		AA5855B226989F4E000C4185 /* Info.plist */ = {isa = PBXFileReference; lastKnownFileType = text.plist.xml; path = Info.plist; sourceTree = "<group>"; };
		AA5855B726989F4E000C4185 /* WebViewUITests.xctest */ = {isa = PBXFileReference; explicitFileType = wrapper.cfbundle; includeInIndex = 0; path = WebViewUITests.xctest; sourceTree = BUILT_PRODUCTS_DIR; };
		AA5855BB26989F4E000C4185 /* WebViewUITests.swift */ = {isa = PBXFileReference; lastKnownFileType = sourcecode.swift; path = WebViewUITests.swift; sourceTree = "<group>"; };
		AA5855BD26989F4E000C4185 /* Info.plist */ = {isa = PBXFileReference; lastKnownFileType = text.plist.xml; path = Info.plist; sourceTree = "<group>"; };
/* End PBXFileReference section */

/* Begin PBXFrameworksBuildPhase section */
		AA58559326989F4A000C4185 /* Frameworks */ = {
			isa = PBXFrameworksBuildPhase;
			buildActionMask = 2147483647;
			files = (
			);
			runOnlyForDeploymentPostprocessing = 0;
		};
		AA5855A926989F4E000C4185 /* Frameworks */ = {
			isa = PBXFrameworksBuildPhase;
			buildActionMask = 2147483647;
			files = (
			);
			runOnlyForDeploymentPostprocessing = 0;
		};
		AA5855B426989F4E000C4185 /* Frameworks */ = {
			isa = PBXFrameworksBuildPhase;
			buildActionMask = 2147483647;
			files = (
			);
			runOnlyForDeploymentPostprocessing = 0;
		};
/* End PBXFrameworksBuildPhase section */

/* Begin PBXGroup section */
		AA58558D26989F49000C4185 = {
			isa = PBXGroup;
			children = (
				AA58559826989F4A000C4185 /* WebView */,
				AA5855AF26989F4E000C4185 /* WebViewTests */,
				AA5855BA26989F4E000C4185 /* WebViewUITests */,
				AA58559726989F4A000C4185 /* Products */,
			);
			sourceTree = "<group>";
		};
		AA58559726989F4A000C4185 /* Products */ = {
			isa = PBXGroup;
			children = (
				AA58559626989F4A000C4185 /* WebView.app */,
				AA5855AC26989F4E000C4185 /* WebViewTests.xctest */,
				AA5855B726989F4E000C4185 /* WebViewUITests.xctest */,
			);
			name = Products;
			sourceTree = "<group>";
		};
		AA58559826989F4A000C4185 /* WebView */ = {
			isa = PBXGroup;
			children = (
				AA58559926989F4A000C4185 /* AppDelegate.swift */,
				AA58559B26989F4A000C4185 /* SceneDelegate.swift */,
				AA58559D26989F4A000C4185 /* ViewController.swift */,
				AA58559F26989F4A000C4185 /* Main.storyboard */,
				AA5855A226989F4E000C4185 /* Assets.xcassets */,
				AA5855A426989F4E000C4185 /* LaunchScreen.storyboard */,
				AA5855A726989F4E000C4185 /* Info.plist */,
			);
			path = WebView;
			sourceTree = "<group>";
		};
		AA5855AF26989F4E000C4185 /* WebViewTests */ = {
			isa = PBXGroup;
			children = (
				AA5855B026989F4E000C4185 /* WebViewTests.swift */,
				AA5855B226989F4E000C4185 /* Info.plist */,
			);
			path = WebViewTests;
			sourceTree = "<group>";
		};
		AA5855BA26989F4E000C4185 /* WebViewUITests */ = {
			isa = PBXGroup;
			children = (
				AA5855BB26989F4E000C4185 /* WebViewUITests.swift */,
				AA5855BD26989F4E000C4185 /* Info.plist */,
			);
			path = WebViewUITests;
			sourceTree = "<group>";
		};
/* End PBXGroup section */

/* Begin PBXNativeTarget section */
		AA58559526989F4A000C4185 /* WebView */ = {
			isa = PBXNativeTarget;
			buildConfigurationList = AA5855C026989F4E000C4185 /* Build configuration list for PBXNativeTarget "WebView" */;
			buildPhases = (
				AA58559226989F4A000C4185 /* Sources */,
				AA58559326989F4A000C4185 /* Frameworks */,
				AA58559426989F4A000C4185 /* Resources */,
			);
			buildRules = (
			);
			dependencies = (
			);
			name = WebView;
			productName = WebView;
			productReference = AA58559626989F4A000C4185 /* WebView.app */;
			productType = "com.apple.product-type.application";
		};
		AA5855AB26989F4E000C4185 /* WebViewTests */ = {
			isa = PBXNativeTarget;
			buildConfigurationList = AA5855C326989F4E000C4185 /* Build configuration list for PBXNativeTarget "WebViewTests" */;
			buildPhases = (
				AA5855A826989F4E000C4185 /* Sources */,
				AA5855A926989F4E000C4185 /* Frameworks */,
				AA5855AA26989F4E000C4185 /* Resources */,
			);
			buildRules = (
			);
			dependencies = (
				AA5855AE26989F4E000C4185 /* PBXTargetDependency */,
			);
			name = WebViewTests;
			productName = WebViewTests;
			productReference = AA5855AC26989F4E000C4185 /* WebViewTests.xctest */;
			productType = "com.apple.product-type.bundle.unit-test";
		};
		AA5855B626989F4E000C4185 /* WebViewUITests */ = {
			isa = PBXNativeTarget;
			buildConfigurationList = AA5855C626989F4E000C4185 /* Build configuration list for PBXNativeTarget "WebViewUITests" */;
			buildPhases = (
				AA5855B326989F4E000C4185 /* Sources */,
				AA5855B426989F4E000C4185 /* Frameworks */,
				AA5855B526989F4E000C4185 /* Resources */,
			);
			buildRules = (
			);
			dependencies = (
				AA5855B926989F4E000C4185 /* PBXTargetDependency */,
			);
			name = WebViewUITests;
			productName = WebViewUITests;
			productReference = AA5855B726989F4E000C4185 /* WebViewUITests.xctest */;
			productType = "com.apple.product-type.bundle.ui-testing";
		};
/* End PBXNativeTarget section */

/* Begin PBXProject section */
		AA58558E26989F4A000C4185 /* Project object */ = {
			isa = PBXProject;
			attributes = {
				LastSwiftUpdateCheck = 1250;
				LastUpgradeCheck = 1250;
				TargetAttributes = {
					AA58559526989F4A000C4185 = {
						CreatedOnToolsVersion = 12.5.1;
					};
					AA5855AB26989F4E000C4185 = {
						CreatedOnToolsVersion = 12.5.1;
						TestTargetID = AA58559526989F4A000C4185;
					};
					AA5855B626989F4E000C4185 = {
						CreatedOnToolsVersion = 12.5.1;
						TestTargetID = AA58559526989F4A000C4185;
					};
				};
			};
			buildConfigurationList = AA58559126989F4A000C4185 /* Build configuration list for PBXProject "WebView" */;
			compatibilityVersion = "Xcode 9.3";
			developmentRegion = en;
			hasScannedForEncodings = 0;
			knownRegions = (
				en,
				Base,
			);
			mainGroup = AA58558D26989F49000C4185;
			productRefGroup = AA58559726989F4A000C4185 /* Products */;
			projectDirPath = "";
			projectRoot = "";
			targets = (
				AA58559526989F4A000C4185 /* WebView */,
				AA5855AB26989F4E000C4185 /* WebViewTests */,
				AA5855B626989F4E000C4185 /* WebViewUITests */,
			);
		};
/* End PBXProject section */

/* Begin PBXResourcesBuildPhase section */
		AA58559426989F4A000C4185 /* Resources */ = {
			isa = PBXResourcesBuildPhase;
			buildActionMask = 2147483647;
			files = (
				AA5855A626989F4E000C4185 /* LaunchScreen.storyboard in Resources */,
				AA5855A326989F4E000C4185 /* Assets.xcassets in Resources */,
				AA5855A126989F4A000C4185 /* Main.storyboard in Resources */,
			);
			runOnlyForDeploymentPostprocessing = 0;
		};
		AA5855AA26989F4E000C4185 /* Resources */ = {
			isa = PBXResourcesBuildPhase;
			buildActionMask = 2147483647;
			files = (
			);
			runOnlyForDeploymentPostprocessing = 0;
		};
		AA5855B526989F4E000C4185 /* Resources */ = {
			isa = PBXResourcesBuildPhase;
			buildActionMask = 2147483647;
			files = (
			);
			runOnlyForDeploymentPostprocessing = 0;
		};
/* End PBXResourcesBuildPhase section */

/* Begin PBXSourcesBuildPhase section */
		AA58559226989F4A000C4185 /* Sources */ = {
			isa = PBXSourcesBuildPhase;
			buildActionMask = 2147483647;
			files = (
				AA58559E26989F4A000C4185 /* ViewController.swift in Sources */,
				AA58559A26989F4A000C4185 /* AppDelegate.swift in Sources */,
				AA58559C26989F4A000C4185 /* SceneDelegate.swift in Sources */,
			);
			runOnlyForDeploymentPostprocessing = 0;
		};
		AA5855A826989F4E000C4185 /* Sources */ = {
			isa = PBXSourcesBuildPhase;
			buildActionMask = 2147483647;
			files = (
				AA5855B126989F4E000C4185 /* WebViewTests.swift in Sources */,
			);
			runOnlyForDeploymentPostprocessing = 0;
		};
		AA5855B326989F4E000C4185 /* Sources */ = {
			isa = PBXSourcesBuildPhase;
			buildActionMask = 2147483647;
			files = (
				AA5855BC26989F4E000C4185 /* WebViewUITests.swift in Sources */,
			);
			runOnlyForDeploymentPostprocessing = 0;
		};
/* End PBXSourcesBuildPhase section */

/* Begin PBXTargetDependency section */
		AA5855AE26989F4E000C4185 /* PBXTargetDependency */ = {
			isa = PBXTargetDependency;
			target = AA58559526989F4A000C4185 /* WebView */;
			targetProxy = AA5855AD26989F4E000C4185 /* PBXContainerItemProxy */;
		};
		AA5855B926989F4E000C4185 /* PBXTargetDependency */ = {
			isa = PBXTargetDependency;
			target = AA58559526989F4A000C4185 /* WebView */;
			targetProxy = AA5855B826989F4E000C4185 /* PBXContainerItemProxy */;
		};
/* End PBXTargetDependency section */

/* Begin PBXVariantGroup section */
		AA58559F26989F4A000C4185 /* Main.storyboard */ = {
			isa = PBXVariantGroup;
			children = (
				AA5855A026989F4A000C4185 /* Base */,
			);
			name = Main.storyboard;
			sourceTree = "<group>";
		};
		AA5855A426989F4E000C4185 /* LaunchScreen.storyboard */ = {
			isa = PBXVariantGroup;
			children = (
				AA5855A526989F4E000C4185 /* Base */,
			);
			name = LaunchScreen.storyboard;
			sourceTree = "<group>";
		};
/* End PBXVariantGroup section */

/* Begin XCBuildConfiguration section */
		AA5855BE26989F4E000C4185 /* Debug */ = {
			isa = XCBuildConfiguration;
			buildSettings = {
				ALWAYS_SEARCH_USER_PATHS = NO;
				CLANG_ANALYZER_NONNULL = YES;
				CLANG_ANALYZER_NUMBER_OBJECT_CONVERSION = YES_AGGRESSIVE;
				CLANG_CXX_LANGUAGE_STANDARD = "gnu++14";
				CLANG_CXX_LIBRARY = "libc++";
				CLANG_ENABLE_MODULES = YES;
				CLANG_ENABLE_OBJC_ARC = YES;
				CLANG_ENABLE_OBJC_WEAK = YES;
				CLANG_WARN_BLOCK_CAPTURE_AUTORELEASING = YES;
				CLANG_WARN_BOOL_CONVERSION = YES;
				CLANG_WARN_COMMA = YES;
				CLANG_WARN_CONSTANT_CONVERSION = YES;
				CLANG_WARN_DEPRECATED_OBJC_IMPLEMENTATIONS = YES;
				CLANG_WARN_DIRECT_OBJC_ISA_USAGE = YES_ERROR;
				CLANG_WARN_DOCUMENTATION_COMMENTS = YES;
				CLANG_WARN_EMPTY_BODY = YES;
				CLANG_WARN_ENUM_CONVERSION = YES;
				CLANG_WARN_INFINITE_RECURSION = YES;
				CLANG_WARN_INT_CONVERSION = YES;
				CLANG_WARN_NON_LITERAL_NULL_CONVERSION = YES;
				CLANG_WARN_OBJC_IMPLICIT_RETAIN_SELF = YES;
				CLANG_WARN_OBJC_LITERAL_CONVERSION = YES;
				CLANG_WARN_OBJC_ROOT_CLASS = YES_ERROR;
				CLANG_WARN_QUOTED_INCLUDE_IN_FRAMEWORK_HEADER = YES;
				CLANG_WARN_RANGE_LOOP_ANALYSIS = YES;
				CLANG_WARN_STRICT_PROTOTYPES = YES;
				CLANG_WARN_SUSPICIOUS_MOVE = YES;
				CLANG_WARN_UNGUARDED_AVAILABILITY = YES_AGGRESSIVE;
				CLANG_WARN_UNREACHABLE_CODE = YES;
				CLANG_WARN__DUPLICATE_METHOD_MATCH = YES;
				COPY_PHASE_STRIP = NO;
				DEBUG_INFORMATION_FORMAT = dwarf;
				ENABLE_STRICT_OBJC_MSGSEND = YES;
				ENABLE_TESTABILITY = YES;
				GCC_C_LANGUAGE_STANDARD = gnu11;
				GCC_DYNAMIC_NO_PIC = NO;
				GCC_NO_COMMON_BLOCKS = YES;
				GCC_OPTIMIZATION_LEVEL = 0;
				GCC_PREPROCESSOR_DEFINITIONS = (
					"DEBUG=1",
					"$(inherited)",
				);
				GCC_WARN_64_TO_32_BIT_CONVERSION = YES;
				GCC_WARN_ABOUT_RETURN_TYPE = YES_ERROR;
				GCC_WARN_UNDECLARED_SELECTOR = YES;
				GCC_WARN_UNINITIALIZED_AUTOS = YES_AGGRESSIVE;
				GCC_WARN_UNUSED_FUNCTION = YES;
				GCC_WARN_UNUSED_VARIABLE = YES;
				IPHONEOS_DEPLOYMENT_TARGET = 14.5;
				MTL_ENABLE_DEBUG_INFO = INCLUDE_SOURCE;
				MTL_FAST_MATH = YES;
				ONLY_ACTIVE_ARCH = YES;
				SDKROOT = iphoneos;
				SWIFT_ACTIVE_COMPILATION_CONDITIONS = DEBUG;
				SWIFT_OPTIMIZATION_LEVEL = "-Onone";
			};
			name = Debug;
		};
		AA5855BF26989F4E000C4185 /* Release */ = {
			isa = XCBuildConfiguration;
			buildSettings = {
				ALWAYS_SEARCH_USER_PATHS = NO;
				CLANG_ANALYZER_NONNULL = YES;
				CLANG_ANALYZER_NUMBER_OBJECT_CONVERSION = YES_AGGRESSIVE;
				CLANG_CXX_LANGUAGE_STANDARD = "gnu++14";
				CLANG_CXX_LIBRARY = "libc++";
				CLANG_ENABLE_MODULES = YES;
				CLANG_ENABLE_OBJC_ARC = YES;
				CLANG_ENABLE_OBJC_WEAK = YES;
				CLANG_WARN_BLOCK_CAPTURE_AUTORELEASING = YES;
				CLANG_WARN_BOOL_CONVERSION = YES;
				CLANG_WARN_COMMA = YES;
				CLANG_WARN_CONSTANT_CONVERSION = YES;
				CLANG_WARN_DEPRECATED_OBJC_IMPLEMENTATIONS = YES;
				CLANG_WARN_DIRECT_OBJC_ISA_USAGE = YES_ERROR;
				CLANG_WARN_DOCUMENTATION_COMMENTS = YES;
				CLANG_WARN_EMPTY_BODY = YES;
				CLANG_WARN_ENUM_CONVERSION = YES;
				CLANG_WARN_INFINITE_RECURSION = YES;
				CLANG_WARN_INT_CONVERSION = YES;
				CLANG_WARN_NON_LITERAL_NULL_CONVERSION = YES;
				CLANG_WARN_OBJC_IMPLICIT_RETAIN_SELF = YES;
				CLANG_WARN_OBJC_LITERAL_CONVERSION = YES;
				CLANG_WARN_OBJC_ROOT_CLASS = YES_ERROR;
				CLANG_WARN_QUOTED_INCLUDE_IN_FRAMEWORK_HEADER = YES;
				CLANG_WARN_RANGE_LOOP_ANALYSIS = YES;
				CLANG_WARN_STRICT_PROTOTYPES = YES;
				CLANG_WARN_SUSPICIOUS_MOVE = YES;
				CLANG_WARN_UNGUARDED_AVAILABILITY = YES_AGGRESSIVE;
				CLANG_WARN_UNREACHABLE_CODE = YES;
				CLANG_WARN__DUPLICATE_METHOD_MATCH = YES;
				COPY_PHASE_STRIP = NO;
				DEBUG_INFORMATION_FORMAT = "dwarf-with-dsym";
				ENABLE_NS_ASSERTIONS = NO;
				ENABLE_STRICT_OBJC_MSGSEND = YES;
				GCC_C_LANGUAGE_STANDARD = gnu11;
				GCC_NO_COMMON_BLOCKS = YES;
				GCC_WARN_64_TO_32_BIT_CONVERSION = YES;
				GCC_WARN_ABOUT_RETURN_TYPE = YES_ERROR;
				GCC_WARN_UNDECLARED_SELECTOR = YES;
				GCC_WARN_UNINITIALIZED_AUTOS = YES_AGGRESSIVE;
				GCC_WARN_UNUSED_FUNCTION = YES;
				GCC_WARN_UNUSED_VARIABLE = YES;
				IPHONEOS_DEPLOYMENT_TARGET = 14.5;
				MTL_ENABLE_DEBUG_INFO = NO;
				MTL_FAST_MATH = YES;
				SDKROOT = iphoneos;
				SWIFT_COMPILATION_MODE = wholemodule;
				SWIFT_OPTIMIZATION_LEVEL = "-O";
				VALIDATE_PRODUCT = YES;
			};
			name = Release;
		};
		AA5855C126989F4E000C4185 /* Debug */ = {
			isa = XCBuildConfiguration;
			buildSettings = {
				ASSETCATALOG_COMPILER_APPICON_NAME = AppIcon;
				ASSETCATALOG_COMPILER_GLOBAL_ACCENT_COLOR_NAME = AccentColor;
				CODE_SIGN_STYLE = Automatic;
				DEVELOPMENT_TEAM = P275SPG67W;
				INFOPLIST_FILE = WebView/Info.plist;
				LD_RUNPATH_SEARCH_PATHS = (
					"$(inherited)",
					"@executable_path/Frameworks",
				);
				PRODUCT_BUNDLE_IDENTIFIER = com.yeonju.WebView;
				PRODUCT_NAME = "$(TARGET_NAME)";
				SWIFT_VERSION = 5.0;
				TARGETED_DEVICE_FAMILY = "1,2";
			};
			name = Debug;
		};
		AA5855C226989F4E000C4185 /* Release */ = {
			isa = XCBuildConfiguration;
			buildSettings = {
				ASSETCATALOG_COMPILER_APPICON_NAME = AppIcon;
				ASSETCATALOG_COMPILER_GLOBAL_ACCENT_COLOR_NAME = AccentColor;
				CODE_SIGN_STYLE = Automatic;
				DEVELOPMENT_TEAM = P275SPG67W;
				INFOPLIST_FILE = WebView/Info.plist;
				LD_RUNPATH_SEARCH_PATHS = (
					"$(inherited)",
					"@executable_path/Frameworks",
				);
				PRODUCT_BUNDLE_IDENTIFIER = com.yeonju.WebView;
				PRODUCT_NAME = "$(TARGET_NAME)";
				SWIFT_VERSION = 5.0;
				TARGETED_DEVICE_FAMILY = "1,2";
			};
			name = Release;
		};
		AA5855C426989F4E000C4185 /* Debug */ = {
			isa = XCBuildConfiguration;
			buildSettings = {
				ALWAYS_EMBED_SWIFT_STANDARD_LIBRARIES = YES;
				BUNDLE_LOADER = "$(TEST_HOST)";
				CODE_SIGN_STYLE = Automatic;
				DEVELOPMENT_TEAM = P275SPG67W;
				INFOPLIST_FILE = WebViewTests/Info.plist;
				IPHONEOS_DEPLOYMENT_TARGET = 14.5;
				LD_RUNPATH_SEARCH_PATHS = (
					"$(inherited)",
					"@executable_path/Frameworks",
					"@loader_path/Frameworks",
				);
				PRODUCT_BUNDLE_IDENTIFIER = com.yeonju.WebViewTests;
				PRODUCT_NAME = "$(TARGET_NAME)";
				SWIFT_VERSION = 5.0;
				TARGETED_DEVICE_FAMILY = "1,2";
				TEST_HOST = "$(BUILT_PRODUCTS_DIR)/WebView.app/WebView";
			};
			name = Debug;
		};
		AA5855C526989F4E000C4185 /* Release */ = {
			isa = XCBuildConfiguration;
			buildSettings = {
				ALWAYS_EMBED_SWIFT_STANDARD_LIBRARIES = YES;
				BUNDLE_LOADER = "$(TEST_HOST)";
				CODE_SIGN_STYLE = Automatic;
				DEVELOPMENT_TEAM = P275SPG67W;
				INFOPLIST_FILE = WebViewTests/Info.plist;
				IPHONEOS_DEPLOYMENT_TARGET = 14.5;
				LD_RUNPATH_SEARCH_PATHS = (
					"$(inherited)",
					"@executable_path/Frameworks",
					"@loader_path/Frameworks",
				);
				PRODUCT_BUNDLE_IDENTIFIER = com.yeonju.WebViewTests;
				PRODUCT_NAME = "$(TARGET_NAME)";
				SWIFT_VERSION = 5.0;
				TARGETED_DEVICE_FAMILY = "1,2";
				TEST_HOST = "$(BUILT_PRODUCTS_DIR)/WebView.app/WebView";
			};
			name = Release;
		};
		AA5855C726989F4E000C4185 /* Debug */ = {
			isa = XCBuildConfiguration;
			buildSettings = {
				ALWAYS_EMBED_SWIFT_STANDARD_LIBRARIES = YES;
				CODE_SIGN_STYLE = Automatic;
				DEVELOPMENT_TEAM = P275SPG67W;
				INFOPLIST_FILE = WebViewUITests/Info.plist;
				LD_RUNPATH_SEARCH_PATHS = (
					"$(inherited)",
					"@executable_path/Frameworks",
					"@loader_path/Frameworks",
				);
				PRODUCT_BUNDLE_IDENTIFIER = com.yeonju.WebViewUITests;
				PRODUCT_NAME = "$(TARGET_NAME)";
				SWIFT_VERSION = 5.0;
				TARGETED_DEVICE_FAMILY = "1,2";
				TEST_TARGET_NAME = WebView;
			};
			name = Debug;
		};
		AA5855C826989F4E000C4185 /* Release */ = {
			isa = XCBuildConfiguration;
			buildSettings = {
				ALWAYS_EMBED_SWIFT_STANDARD_LIBRARIES = YES;
				CODE_SIGN_STYLE = Automatic;
				DEVELOPMENT_TEAM = P275SPG67W;
				INFOPLIST_FILE = WebViewUITests/Info.plist;
				LD_RUNPATH_SEARCH_PATHS = (
					"$(inherited)",
					"@executable_path/Frameworks",
					"@loader_path/Frameworks",
				);
				PRODUCT_BUNDLE_IDENTIFIER = com.yeonju.WebViewUITests;
				PRODUCT_NAME = "$(TARGET_NAME)";
				SWIFT_VERSION = 5.0;
				TARGETED_DEVICE_FAMILY = "1,2";
				TEST_TARGET_NAME = WebView;
			};
			name = Release;
		};
/* End XCBuildConfiguration section */

/* Begin XCConfigurationList section */
		AA58559126989F4A000C4185 /* Build configuration list for PBXProject "WebView" */ = {
			isa = XCConfigurationList;
			buildConfigurations = (
				AA5855BE26989F4E000C4185 /* Debug */,
				AA5855BF26989F4E000C4185 /* Release */,
			);
			defaultConfigurationIsVisible = 0;
			defaultConfigurationName = Release;
		};
		AA5855C026989F4E000C4185 /* Build configuration list for PBXNativeTarget "WebView" */ = {
			isa = XCConfigurationList;
			buildConfigurations = (
				AA5855C126989F4E000C4185 /* Debug */,
				AA5855C226989F4E000C4185 /* Release */,
			);
			defaultConfigurationIsVisible = 0;
			defaultConfigurationName = Release;
		};
		AA5855C326989F4E000C4185 /* Build configuration list for PBXNativeTarget "WebViewTests" */ = {
			isa = XCConfigurationList;
			buildConfigurations = (
				AA5855C426989F4E000C4185 /* Debug */,
				AA5855C526989F4E000C4185 /* Release */,
			);
			defaultConfigurationIsVisible = 0;
			defaultConfigurationName = Release;
		};
		AA5855C626989F4E000C4185 /* Build configuration list for PBXNativeTarget "WebViewUITests" */ = {
			isa = XCConfigurationList;
			buildConfigurations = (
				AA5855C726989F4E000C4185 /* Debug */,
				AA5855C826989F4E000C4185 /* Release */,
			);
			defaultConfigurationIsVisible = 0;
			defaultConfigurationName = Release;
		};
/* End XCConfigurationList section */
	};
	rootObject = AA58558E26989F4A000C4185 /* Project object */;
}
