// !$*UTF8*$!
{
	archiveVersion = 1;
	classes = {
	};
	objectVersion = 50;
	objects = {

/* Begin PBXBuildFile section */
		AAAC4ACD2643C9B500B269E7 /* AppDelegate.swift in Sources */ = {isa = PBXBuildFile; fileRef = AAAC4ACC2643C9B500B269E7 /* AppDelegate.swift */; };
		AAAC4ACF2643C9B500B269E7 /* SceneDelegate.swift in Sources */ = {isa = PBXBuildFile; fileRef = AAAC4ACE2643C9B500B269E7 /* SceneDelegate.swift */; };
		AAAC4AD12643C9B500B269E7 /* ViewController.swift in Sources */ = {isa = PBXBuildFile; fileRef = AAAC4AD02643C9B500B269E7 /* ViewController.swift */; };
		AAAC4AD42643C9B500B269E7 /* Main.storyboard in Resources */ = {isa = PBXBuildFile; fileRef = AAAC4AD22643C9B500B269E7 /* Main.storyboard */; };
		AAAC4AD62643C9B600B269E7 /* Assets.xcassets in Resources */ = {isa = PBXBuildFile; fileRef = AAAC4AD52643C9B600B269E7 /* Assets.xcassets */; };
		AAAC4AD92643C9B600B269E7 /* LaunchScreen.storyboard in Resources */ = {isa = PBXBuildFile; fileRef = AAAC4AD72643C9B600B269E7 /* LaunchScreen.storyboard */; };
/* End PBXBuildFile section */

/* Begin PBXFileReference section */
		AAAC4AC92643C9B400B269E7 /* cvcell.app */ = {isa = PBXFileReference; explicitFileType = wrapper.application; includeInIndex = 0; path = cvcell.app; sourceTree = BUILT_PRODUCTS_DIR; };
		AAAC4ACC2643C9B500B269E7 /* AppDelegate.swift */ = {isa = PBXFileReference; lastKnownFileType = sourcecode.swift; path = AppDelegate.swift; sourceTree = "<group>"; };
		AAAC4ACE2643C9B500B269E7 /* SceneDelegate.swift */ = {isa = PBXFileReference; lastKnownFileType = sourcecode.swift; path = SceneDelegate.swift; sourceTree = "<group>"; };
		AAAC4AD02643C9B500B269E7 /* ViewController.swift */ = {isa = PBXFileReference; lastKnownFileType = sourcecode.swift; path = ViewController.swift; sourceTree = "<group>"; };
		AAAC4AD32643C9B500B269E7 /* Base */ = {isa = PBXFileReference; lastKnownFileType = file.storyboard; name = Base; path = Base.lproj/Main.storyboard; sourceTree = "<group>"; };
		AAAC4AD52643C9B600B269E7 /* Assets.xcassets */ = {isa = PBXFileReference; lastKnownFileType = folder.assetcatalog; path = Assets.xcassets; sourceTree = "<group>"; };
		AAAC4AD82643C9B600B269E7 /* Base */ = {isa = PBXFileReference; lastKnownFileType = file.storyboard; name = Base; path = Base.lproj/LaunchScreen.storyboard; sourceTree = "<group>"; };
		AAAC4ADA2643C9B600B269E7 /* Info.plist */ = {isa = PBXFileReference; lastKnownFileType = text.plist.xml; path = Info.plist; sourceTree = "<group>"; };
/* End PBXFileReference section */

/* Begin PBXFrameworksBuildPhase section */
		AAAC4AC62643C9B400B269E7 /* Frameworks */ = {
			isa = PBXFrameworksBuildPhase;
			buildActionMask = 2147483647;
			files = (
			);
			runOnlyForDeploymentPostprocessing = 0;
		};
/* End PBXFrameworksBuildPhase section */

/* Begin PBXGroup section */
		AAAC4AC02643C9B400B269E7 = {
			isa = PBXGroup;
			children = (
				AAAC4ACB2643C9B400B269E7 /* cvcell */,
				AAAC4ACA2643C9B400B269E7 /* Products */,
			);
			sourceTree = "<group>";
		};
		AAAC4ACA2643C9B400B269E7 /* Products */ = {
			isa = PBXGroup;
			children = (
				AAAC4AC92643C9B400B269E7 /* cvcell.app */,
			);
			name = Products;
			sourceTree = "<group>";
		};
		AAAC4ACB2643C9B400B269E7 /* cvcell */ = {
			isa = PBXGroup;
			children = (
				AAAC4ACC2643C9B500B269E7 /* AppDelegate.swift */,
				AAAC4ACE2643C9B500B269E7 /* SceneDelegate.swift */,
				AAAC4AD02643C9B500B269E7 /* ViewController.swift */,
				AAAC4AD22643C9B500B269E7 /* Main.storyboard */,
				AAAC4AD52643C9B600B269E7 /* Assets.xcassets */,
				AAAC4AD72643C9B600B269E7 /* LaunchScreen.storyboard */,
				AAAC4ADA2643C9B600B269E7 /* Info.plist */,
			);
			path = cvcell;
			sourceTree = "<group>";
		};
/* End PBXGroup section */

/* Begin PBXNativeTarget section */
		AAAC4AC82643C9B400B269E7 /* cvcell */ = {
			isa = PBXNativeTarget;
			buildConfigurationList = AAAC4ADD2643C9B600B269E7 /* Build configuration list for PBXNativeTarget "cvcell" */;
			buildPhases = (
				AAAC4AC52643C9B400B269E7 /* Sources */,
				AAAC4AC62643C9B400B269E7 /* Frameworks */,
				AAAC4AC72643C9B400B269E7 /* Resources */,
			);
			buildRules = (
			);
			dependencies = (
			);
			name = cvcell;
			productName = cvcell;
			productReference = AAAC4AC92643C9B400B269E7 /* cvcell.app */;
			productType = "com.apple.product-type.application";
		};
/* End PBXNativeTarget section */

/* Begin PBXProject section */
		AAAC4AC12643C9B400B269E7 /* Project object */ = {
			isa = PBXProject;
			attributes = {
				LastSwiftUpdateCheck = 1250;
				LastUpgradeCheck = 1250;
				TargetAttributes = {
					AAAC4AC82643C9B400B269E7 = {
						CreatedOnToolsVersion = 12.5;
					};
				};
			};
			buildConfigurationList = AAAC4AC42643C9B400B269E7 /* Build configuration list for PBXProject "cvcell" */;
			compatibilityVersion = "Xcode 9.3";
			developmentRegion = en;
			hasScannedForEncodings = 0;
			knownRegions = (
				en,
				Base,
			);
			mainGroup = AAAC4AC02643C9B400B269E7;
			productRefGroup = AAAC4ACA2643C9B400B269E7 /* Products */;
			projectDirPath = "";
			projectRoot = "";
			targets = (
				AAAC4AC82643C9B400B269E7 /* cvcell */,
			);
		};
/* End PBXProject section */

/* Begin PBXResourcesBuildPhase section */
		AAAC4AC72643C9B400B269E7 /* Resources */ = {
			isa = PBXResourcesBuildPhase;
			buildActionMask = 2147483647;
			files = (
				AAAC4AD92643C9B600B269E7 /* LaunchScreen.storyboard in Resources */,
				AAAC4AD62643C9B600B269E7 /* Assets.xcassets in Resources */,
				AAAC4AD42643C9B500B269E7 /* Main.storyboard in Resources */,
			);
			runOnlyForDeploymentPostprocessing = 0;
		};
/* End PBXResourcesBuildPhase section */

/* Begin PBXSourcesBuildPhase section */
		AAAC4AC52643C9B400B269E7 /* Sources */ = {
			isa = PBXSourcesBuildPhase;
			buildActionMask = 2147483647;
			files = (
				AAAC4AD12643C9B500B269E7 /* ViewController.swift in Sources */,
				AAAC4ACD2643C9B500B269E7 /* AppDelegate.swift in Sources */,
				AAAC4ACF2643C9B500B269E7 /* SceneDelegate.swift in Sources */,
			);
			runOnlyForDeploymentPostprocessing = 0;
		};
/* End PBXSourcesBuildPhase section */

/* Begin PBXVariantGroup section */
		AAAC4AD22643C9B500B269E7 /* Main.storyboard */ = {
			isa = PBXVariantGroup;
			children = (
				AAAC4AD32643C9B500B269E7 /* Base */,
			);
			name = Main.storyboard;
			sourceTree = "<group>";
		};
		AAAC4AD72643C9B600B269E7 /* LaunchScreen.storyboard */ = {
			isa = PBXVariantGroup;
			children = (
				AAAC4AD82643C9B600B269E7 /* Base */,
			);
			name = LaunchScreen.storyboard;
			sourceTree = "<group>";
		};
/* End PBXVariantGroup section */

/* Begin XCBuildConfiguration section */
		AAAC4ADB2643C9B600B269E7 /* Debug */ = {
			isa = XCBuildConfiguration;
			buildSettings = {
				ALWAYS_SEARCH_USER_PATHS = NO;
				CLANG_ANALYZER_NONNULL = YES;
				CLANG_ANALYZER_NUMBER_OBJECT_CONVERSION = YES_AGGRESSIVE;
				CLANG_CXX_LANGUAGE_STANDARD = "gnu++14";
				CLANG_CXX_LIBRARY = "libc++";
				CLANG_ENABLE_MODULES = YES;
				CLANG_ENABLE_OBJC_ARC = YES;
				CLANG_ENABLE_OBJC_WEAK = YES;
				CLANG_WARN_BLOCK_CAPTURE_AUTORELEASING = YES;
				CLANG_WARN_BOOL_CONVERSION = YES;
				CLANG_WARN_COMMA = YES;
				CLANG_WARN_CONSTANT_CONVERSION = YES;
				CLANG_WARN_DEPRECATED_OBJC_IMPLEMENTATIONS = YES;
				CLANG_WARN_DIRECT_OBJC_ISA_USAGE = YES_ERROR;
				CLANG_WARN_DOCUMENTATION_COMMENTS = YES;
				CLANG_WARN_EMPTY_BODY = YES;
				CLANG_WARN_ENUM_CONVERSION = YES;
				CLANG_WARN_INFINITE_RECURSION = YES;
				CLANG_WARN_INT_CONVERSION = YES;
				CLANG_WARN_NON_LITERAL_NULL_CONVERSION = YES;
				CLANG_WARN_OBJC_IMPLICIT_RETAIN_SELF = YES;
				CLANG_WARN_OBJC_LITERAL_CONVERSION = YES;
				CLANG_WARN_OBJC_ROOT_CLASS = YES_ERROR;
				CLANG_WARN_QUOTED_INCLUDE_IN_FRAMEWORK_HEADER = YES;
				CLANG_WARN_RANGE_LOOP_ANALYSIS = YES;
				CLANG_WARN_STRICT_PROTOTYPES = YES;
				CLANG_WARN_SUSPICIOUS_MOVE = YES;
				CLANG_WARN_UNGUARDED_AVAILABILITY = YES_AGGRESSIVE;
				CLANG_WARN_UNREACHABLE_CODE = YES;
				CLANG_WARN__DUPLICATE_METHOD_MATCH = YES;
				COPY_PHASE_STRIP = NO;
				DEBUG_INFORMATION_FORMAT = dwarf;
				ENABLE_STRICT_OBJC_MSGSEND = YES;
				ENABLE_TESTABILITY = YES;
				GCC_C_LANGUAGE_STANDARD = gnu11;
				GCC_DYNAMIC_NO_PIC = NO;
				GCC_NO_COMMON_BLOCKS = YES;
				GCC_OPTIMIZATION_LEVEL = 0;
				GCC_PREPROCESSOR_DEFINITIONS = (
					"DEBUG=1",
					"$(inherited)",
				);
				GCC_WARN_64_TO_32_BIT_CONVERSION = YES;
				GCC_WARN_ABOUT_RETURN_TYPE = YES_ERROR;
				GCC_WARN_UNDECLARED_SELECTOR = YES;
				GCC_WARN_UNINITIALIZED_AUTOS = YES_AGGRESSIVE;
				GCC_WARN_UNUSED_FUNCTION = YES;
				GCC_WARN_UNUSED_VARIABLE = YES;
				IPHONEOS_DEPLOYMENT_TARGET = 14.5;
				MTL_ENABLE_DEBUG_INFO = INCLUDE_SOURCE;
				MTL_FAST_MATH = YES;
				ONLY_ACTIVE_ARCH = YES;
				SDKROOT = iphoneos;
				SWIFT_ACTIVE_COMPILATION_CONDITIONS = DEBUG;
				SWIFT_OPTIMIZATION_LEVEL = "-Onone";
			};
			name = Debug;
		};
		AAAC4ADC2643C9B600B269E7 /* Release */ = {
			isa = XCBuildConfiguration;
			buildSettings = {
				ALWAYS_SEARCH_USER_PATHS = NO;
				CLANG_ANALYZER_NONNULL = YES;
				CLANG_ANALYZER_NUMBER_OBJECT_CONVERSION = YES_AGGRESSIVE;
				CLANG_CXX_LANGUAGE_STANDARD = "gnu++14";
				CLANG_CXX_LIBRARY = "libc++";
				CLANG_ENABLE_MODULES = YES;
				CLANG_ENABLE_OBJC_ARC = YES;
				CLANG_ENABLE_OBJC_WEAK = YES;
				CLANG_WARN_BLOCK_CAPTURE_AUTORELEASING = YES;
				CLANG_WARN_BOOL_CONVERSION = YES;
				CLANG_WARN_COMMA = YES;
				CLANG_WARN_CONSTANT_CONVERSION = YES;
				CLANG_WARN_DEPRECATED_OBJC_IMPLEMENTATIONS = YES;
				CLANG_WARN_DIRECT_OBJC_ISA_USAGE = YES_ERROR;
				CLANG_WARN_DOCUMENTATION_COMMENTS = YES;
				CLANG_WARN_EMPTY_BODY = YES;
				CLANG_WARN_ENUM_CONVERSION = YES;
				CLANG_WARN_INFINITE_RECURSION = YES;
				CLANG_WARN_INT_CONVERSION = YES;
				CLANG_WARN_NON_LITERAL_NULL_CONVERSION = YES;
				CLANG_WARN_OBJC_IMPLICIT_RETAIN_SELF = YES;
				CLANG_WARN_OBJC_LITERAL_CONVERSION = YES;
				CLANG_WARN_OBJC_ROOT_CLASS = YES_ERROR;
				CLANG_WARN_QUOTED_INCLUDE_IN_FRAMEWORK_HEADER = YES;
				CLANG_WARN_RANGE_LOOP_ANALYSIS = YES;
				CLANG_WARN_STRICT_PROTOTYPES = YES;
				CLANG_WARN_SUSPICIOUS_MOVE = YES;
				CLANG_WARN_UNGUARDED_AVAILABILITY = YES_AGGRESSIVE;
				CLANG_WARN_UNREACHABLE_CODE = YES;
				CLANG_WARN__DUPLICATE_METHOD_MATCH = YES;
				COPY_PHASE_STRIP = NO;
				DEBUG_INFORMATION_FORMAT = "dwarf-with-dsym";
				ENABLE_NS_ASSERTIONS = NO;
				ENABLE_STRICT_OBJC_MSGSEND = YES;
				GCC_C_LANGUAGE_STANDARD = gnu11;
				GCC_NO_COMMON_BLOCKS = YES;
				GCC_WARN_64_TO_32_BIT_CONVERSION = YES;
				GCC_WARN_ABOUT_RETURN_TYPE = YES_ERROR;
				GCC_WARN_UNDECLARED_SELECTOR = YES;
				GCC_WARN_UNINITIALIZED_AUTOS = YES_AGGRESSIVE;
				GCC_WARN_UNUSED_FUNCTION = YES;
				GCC_WARN_UNUSED_VARIABLE = YES;
				IPHONEOS_DEPLOYMENT_TARGET = 14.5;
				MTL_ENABLE_DEBUG_INFO = NO;
				MTL_FAST_MATH = YES;
				SDKROOT = iphoneos;
				SWIFT_COMPILATION_MODE = wholemodule;
				SWIFT_OPTIMIZATION_LEVEL = "-O";
				VALIDATE_PRODUCT = YES;
			};
			name = Release;
		};
		AAAC4ADE2643C9B600B269E7 /* Debug */ = {
			isa = XCBuildConfiguration;
			buildSettings = {
				ASSETCATALOG_COMPILER_APPICON_NAME = AppIcon;
				ASSETCATALOG_COMPILER_GLOBAL_ACCENT_COLOR_NAME = AccentColor;
				CODE_SIGN_STYLE = Automatic;
				DEVELOPMENT_TEAM = P275SPG67W;
				INFOPLIST_FILE = cvcell/Info.plist;
				LD_RUNPATH_SEARCH_PATHS = (
					"$(inherited)",
					"@executable_path/Frameworks",
				);
				PRODUCT_BUNDLE_IDENTIFIER = com.yeonju.cvcell;
				PRODUCT_NAME = "$(TARGET_NAME)";
				SWIFT_VERSION = 5.0;
				TARGETED_DEVICE_FAMILY = "1,2";
			};
			name = Debug;
		};
		AAAC4ADF2643C9B600B269E7 /* Release */ = {
			isa = XCBuildConfiguration;
			buildSettings = {
				ASSETCATALOG_COMPILER_APPICON_NAME = AppIcon;
				ASSETCATALOG_COMPILER_GLOBAL_ACCENT_COLOR_NAME = AccentColor;
				CODE_SIGN_STYLE = Automatic;
				DEVELOPMENT_TEAM = P275SPG67W;
				INFOPLIST_FILE = cvcell/Info.plist;
				LD_RUNPATH_SEARCH_PATHS = (
					"$(inherited)",
					"@executable_path/Frameworks",
				);
				PRODUCT_BUNDLE_IDENTIFIER = com.yeonju.cvcell;
				PRODUCT_NAME = "$(TARGET_NAME)";
				SWIFT_VERSION = 5.0;
				TARGETED_DEVICE_FAMILY = "1,2";
			};
			name = Release;
		};
/* End XCBuildConfiguration section */

/* Begin XCConfigurationList section */
		AAAC4AC42643C9B400B269E7 /* Build configuration list for PBXProject "cvcell" */ = {
			isa = XCConfigurationList;
			buildConfigurations = (
				AAAC4ADB2643C9B600B269E7 /* Debug */,
				AAAC4ADC2643C9B600B269E7 /* Release */,
			);
			defaultConfigurationIsVisible = 0;
			defaultConfigurationName = Release;
		};
		AAAC4ADD2643C9B600B269E7 /* Build configuration list for PBXNativeTarget "cvcell" */ = {
			isa = XCConfigurationList;
			buildConfigurations = (
				AAAC4ADE2643C9B600B269E7 /* Debug */,
				AAAC4ADF2643C9B600B269E7 /* Release */,
			);
			defaultConfigurationIsVisible = 0;
			defaultConfigurationName = Release;
		};
/* End XCConfigurationList section */
	};
	rootObject = AAAC4AC12643C9B400B269E7 /* Project object */;
}
